
Microsoft Visual Studio Solution File, Format Version 12.00
Project("{FAE04EC0-301F-11D3-BF4B-00C04F79EFBC}") = "Sharp Pdf", "Sharp Pdf\Sharp Pdf.csproj", "{D578BC21-5C2E-47D4-9448-32E6D27F553B}"
EndProject
Project("{FAE04EC0-301F-11D3-BF4B-00C04F79EFBC}") = "Sharp Pdf Test", "Sharp Pdf Test\Sharp Pdf Test.csproj", "{67C56214-C2AB-4A0B-982B-5A6AC10A27D0}"
EndProject
Project("{FAE04EC0-301F-11D3-BF4B-00C04F79EFBC}") = "Sharp Pdf Example", "Sharp Pdf Example\Sharp Pdf Example.csproj", "{A805B9FB-45BD-4283-9269-F5ACCE536BE4}"
EndProject
Global
	GlobalSection(SolutionConfigurationPlatforms) = preSolution
		Debug|Any CPU = Debug|Any CPU
		Release|Any CPU = Release|Any CPU
	EndGlobalSection
	GlobalSection(ProjectConfigurationPlatforms) = postSolution
		{D578BC21-5C2E-47D4-9448-32E6D27F553B}.Debug|Any CPU.ActiveCfg = Debug|Any CPU
		{D578BC21-5C2E-47D4-9448-32E6D27F553B}.Debug|Any CPU.Build.0 = Debug|Any CPU
		{D578BC21-5C2E-47D4-9448-32E6D27F553B}.Release|Any CPU.ActiveCfg = Release|Any CPU
		{D578BC21-5C2E-47D4-9448-32E6D27F553B}.Release|Any CPU.Build.0 = Release|Any CPU
		{67C56214-C2AB-4A0B-982B-5A6AC10A27D0}.Debug|Any CPU.ActiveCfg = Debug|Any CPU
		{67C56214-C2AB-4A0B-982B-5A6AC10A27D0}.Debug|Any CPU.Build.0 = Debug|Any CPU
		{67C56214-C2AB-4A0B-982B-5A6AC10A27D0}.Release|Any CPU.ActiveCfg = Release|Any CPU
		{67C56214-C2AB-4A0B-982B-5A6AC10A27D0}.Release|Any CPU.Build.0 = Release|Any CPU
		{A805B9FB-45BD-4283-9269-F5ACCE536BE4}.Debug|Any CPU.ActiveCfg = Debug|Any CPU
		{A805B9FB-45BD-4283-9269-F5ACCE536BE4}.Debug|Any CPU.Build.0 = Debug|Any CPU
		{A805B9FB-45BD-4283-9269-F5ACCE536BE4}.Release|Any CPU.ActiveCfg = Release|Any CPU
		{A805B9FB-45BD-4283-9269-F5ACCE536BE4}.Release|Any CPU.Build.0 = Release|Any CPU
	EndGlobalSection
EndGlobal
